<Solution>
  <Project Path="Dredis.Extensions.Storage.Postgres.Tests/Dredis.Extensions.Storage.Postgres.Tests.csproj">
    <Build Solution="Debug|*" Project="false" />
  </Project>
  <Project Path="Dredis.Extensions.Storage.Postgres/Dredis.Extensions.Storage.Postgres.csproj">
    <BuildType Project="Release" />
  </Project>
</Solution>
